<?xml version="1.0" encoding="UTF-8" standalone="yes" ?>
<CodeBlocks_project_file>
	<FileVersion major="1" minor="6" />
	<Project>
		<Option title="dargon" />
		<Option pch_mode="2" />
		<Option compiler="gcc" />
		<Build>
			<Target title="Debug">
				<Option output="bin/Debug/dargon" prefix_auto="1" extension_auto="1" />
				<Option object_output="obj/Debug/" />
				<Option type="1" />
				<Option compiler="gcc" />
				<Option parameters="go" />
				<Compiler>
					<Add option="-g" />
				</Compiler>
			</Target>
			<Target title="Release">
				<Option output="bin/Release/dargon" prefix_auto="1" extension_auto="1" />
				<Option object_output="obj/Release/" />
				<Option type="1" />
				<Option compiler="gcc" />
				<Compiler>
					<Add option="-O2" />
				</Compiler>
				<Linker>
					<Add option="-s" />
				</Linker>
			</Target>
		</Build>
		<Compiler>
			<Add option="-Wall" />
			<Add option="-fexceptions" />
		</Compiler>
		<Unit filename="../src/core/Exception.cpp" />
		<Unit filename="../src/core/Exception.h" />
		<Unit filename="../src/core/File.cpp" />
		<Unit filename="../src/core/File.h" />
		<Unit filename="../src/core/FilePosition.h" />
		<Unit filename="../src/core/Log.cpp" />
		<Unit filename="../src/core/Log.h" />
		<Unit filename="../src/core/Module.h" />
		<Unit filename="../src/core/Output.h" />
		<Unit filename="../src/core/Path.cpp" />
		<Unit filename="../src/core/Path.h" />
		<Unit filename="../src/core/Utility.cpp" />
		<Unit filename="../src/core/Utility.h" />
		<Unit filename="../src/core/Version.h" />
		<Unit filename="../src/core/ast/ASTPrinter.cpp" />
		<Unit filename="../src/core/ast/ASTPrinter.h" />
		<Unit filename="../src/core/ast/Expr.h" />
		<Unit filename="../src/core/lex/Lexer.cpp" />
		<Unit filename="../src/core/lex/Lexer.h" />
		<Unit filename="../src/core/lex/Token.cpp" />
		<Unit filename="../src/core/lex/Token.h" />
		<Unit filename="../src/core/parser/Parser.cpp" />
		<Unit filename="../src/core/parser/Parser.h" />
		<Unit filename="../src/main.cpp" />
		<Unit filename="../src/test/ASTTests.h" />
		<Unit filename="../src/test/FileTests.h" />
		<Unit filename="../src/test/LexerTests.h" />
		<Unit filename="../src/test/TestingMacros.h" />
		<Unit filename="../src/test/UnitTest.h" />
		<Extensions />
	</Project>
</CodeBlocks_project_file>
